
Microsoft Visual Studio Solution File, Format Version 12.00
# Visual Studio Version 17
VisualStudioVersion = 17.5.002.0
MinimumVisualStudioVersion = 10.0.40219.1
Project("{9A19103F-16F7-4668-BE54-9A1E7A4F7556}") = "TestsFreeCodeCamp", "TestsFreeCodeCamp\TestsFreeCodeCamp.csproj", "{4D367D98-68F1-469A-9F16-22064F114908}"
EndProject
Global
	GlobalSection(SolutionConfigurationPlatforms) = preSolution
		Debug|Any CPU = Debug|Any CPU
		Release|Any CPU = Release|Any CPU
	EndGlobalSection
	GlobalSection(ProjectConfigurationPlatforms) = postSolution
		{4D367D98-68F1-469A-9F16-22064F114908}.Debug|Any CPU.ActiveCfg = Debug|Any CPU
		{4D367D98-68F1-469A-9F16-22064F114908}.Debug|Any CPU.Build.0 = Debug|Any CPU
		{4D367D98-68F1-469A-9F16-22064F114908}.Release|Any CPU.ActiveCfg = Release|Any CPU
		{4D367D98-68F1-469A-9F16-22064F114908}.Release|Any CPU.Build.0 = Release|Any CPU
	EndGlobalSection
	GlobalSection(SolutionProperties) = preSolution
		HideSolutionNode = FALSE
	EndGlobalSection
	GlobalSection(ExtensibilityGlobals) = postSolution
		SolutionGuid = {60DA7FD4-B9EE-403A-A63D-1D6F5BC60D27}
	EndGlobalSection
EndGlobal
